
Microsoft Visual Studio Solution File, Format Version 12.00
# Visual Studio Version 17
VisualStudioVersion = 17.5.33424.131
MinimumVisualStudioVersion = 10.0.40219.1
Project("{2150E333-8FDC-42A3-9474-1A3956D46DE8}") = "Programavimas", "Programavimas", "{C402A2F5-0FBF-47DF-B83D-A7B09E8F439A}"
EndProject
Project("{FAE04EC0-301F-11D3-BF4B-00C04F79EFBC}") = "Uzduotis03", "Uzduotis03\Uzduotis03.csproj", "{054A3BAF-5330-47D7-B17E-B58F138D7A4F}"
EndProject
Project("{FAE04EC0-301F-11D3-BF4B-00C04F79EFBC}") = "Uzduotis04", "Uzduotis04\Uzduotis04.csproj", "{BC94DE90-0D8B-4494-9DFE-CA74A3930F5A}"
EndProject
Project("{FAE04EC0-301F-11D3-BF4B-00C04F79EFBC}") = "Uzduotis05", "Uzduotis05\Uzduotis05.csproj", "{30ECA833-410D-4E2B-86ED-4351FF98156E}"
EndProject
Project("{FAE04EC0-301F-11D3-BF4B-00C04F79EFBC}") = "Uzduotis06", "Uzduotis06\Uzduotis06.csproj", "{9A516E96-A079-45C5-8228-AAB87F8E6C94}"
EndProject
Project("{FAE04EC0-301F-11D3-BF4B-00C04F79EFBC}") = "Uzduotis07", "Uzduotis07\Uzduotis07.csproj", "{F7CA2572-74CD-4A6E-A7E7-61E85610532D}"
EndProject
Project("{FAE04EC0-301F-11D3-BF4B-00C04F79EFBC}") = "Uzduotis08", "Uzduotis08\Uzduotis08.csproj", "{157A735F-E21A-4420-B80A-15CE66FF756D}"
EndProject
Project("{FAE04EC0-301F-11D3-BF4B-00C04F79EFBC}") = "Uzduotis09", "Uzduotis09\Uzduotis09.csproj", "{7D9C0740-0355-4DD7-8375-F19F39E1DBEA}"
EndProject
Project("{FAE04EC0-301F-11D3-BF4B-00C04F79EFBC}") = "Uzduotis10", "Uzduotis10\Uzduotis10.csproj", "{A1A5DE62-37BE-4A81-B53B-A396BC9552AE}"
EndProject
Project("{FAE04EC0-301F-11D3-BF4B-00C04F79EFBC}") = "Uzduotis11", "Uzduotis11\Uzduotis11.csproj", "{DCAF0E4B-6D51-4B18-BF0F-02B614256F5D}"
EndProject
Project("{FAE04EC0-301F-11D3-BF4B-00C04F79EFBC}") = "Uzduotis01", "Uzduotis01\Uzduotis01.csproj", "{E4BED206-9548-44C5-9980-B1D67BA687FC}"
EndProject
Project("{FAE04EC0-301F-11D3-BF4B-00C04F79EFBC}") = "Uzduotis02", "Uzduotis02\Uzduotis02.csproj", "{29241D47-710F-431A-8138-DC13DB472630}"
EndProject
Project("{FAE04EC0-301F-11D3-BF4B-00C04F79EFBC}") = "Uzduotis12", "Uzduotis12\Uzduotis12.csproj", "{8568181F-9AAE-4AE7-B1A7-7A38B94B4EB4}"
EndProject
Project("{FAE04EC0-301F-11D3-BF4B-00C04F79EFBC}") = "Uzduotis13", "Uzduotis13\Uzduotis13.csproj", "{AEE48A41-046B-419B-9F13-B209F764C810}"
EndProject
Project("{FAE04EC0-301F-11D3-BF4B-00C04F79EFBC}") = "Uzduotis14", "Uzduotis14\Uzduotis14.csproj", "{3EF1B9E3-6D9F-498C-BB9F-3DDEF290207E}"
EndProject
Project("{FAE04EC0-301F-11D3-BF4B-00C04F79EFBC}") = "Uzduotis16", "Uzduotis16\Uzduotis16.csproj", "{4E1AAAEF-EF2F-4023-965C-3BE2058CF48C}"
EndProject
Project("{FAE04EC0-301F-11D3-BF4B-00C04F79EFBC}") = "Uzduotis17", "Uzduotis17\Uzduotis17.csproj", "{31C57738-7DE9-4C2E-A164-E38F65FBA5A6}"
EndProject
Project("{FAE04EC0-301F-11D3-BF4B-00C04F79EFBC}") = "Uzduotis18", "Uzduotis18\Uzduotis18.csproj", "{18D31F1C-9327-4E7A-ACEF-28A0E57BE088}"
EndProject
Project("{FAE04EC0-301F-11D3-BF4B-00C04F79EFBC}") = "Uzduotis19", "Uzduotis19\Uzduotis19.csproj", "{FA895DF1-7F5D-40AA-8D77-A4A74D84C69A}"
EndProject
Project("{FAE04EC0-301F-11D3-BF4B-00C04F79EFBC}") = "Uzduotis20", "Uzduotis20\Uzduotis20.csproj", "{D7BAD5C8-4FCB-460A-906E-049D64F1D88D}"
EndProject
Project("{FAE04EC0-301F-11D3-BF4B-00C04F79EFBC}") = "Uzduotis21", "Uzduotis21\Uzduotis21.csproj", "{22F6CF36-F506-4837-BE34-10F90B5B5830}"
EndProject
Project("{FAE04EC0-301F-11D3-BF4B-00C04F79EFBC}") = "Uzduotis22", "Uzduotis22\Uzduotis22.csproj", "{2E589714-C15D-4AC0-B844-858E9AB06FBD}"
EndProject
Project("{FAE04EC0-301F-11D3-BF4B-00C04F79EFBC}") = "Uzduotis23", "Uzduotis23\Uzduotis23.csproj", "{9C40176C-D6A2-4783-9115-564783CDCD67}"
EndProject
Project("{FAE04EC0-301F-11D3-BF4B-00C04F79EFBC}") = "Uzduotis24", "Uzduotis24\Uzduotis24.csproj", "{584C5B02-68D0-4131-AF5A-F7F61E5A7512}"
EndProject
Project("{FAE04EC0-301F-11D3-BF4B-00C04F79EFBC}") = "Uzduotis25", "Uzduotis25\Uzduotis25.csproj", "{200C8FA1-B490-4EF3-9353-06595741C234}"
EndProject
Project("{FAE04EC0-301F-11D3-BF4B-00C04F79EFBC}") = "Uzduotis26", "Uzduotis 26\Uzduotis26.csproj", "{56D4BCBC-C7AF-4C5C-9806-3BF79DF4B405}"
EndProject
Project("{FAE04EC0-301F-11D3-BF4B-00C04F79EFBC}") = "Uzduotis27", "Uzduotis27\Uzduotis27.csproj", "{EEB5EFC2-60A8-4D97-9CB3-8777B2884ED6}"
EndProject
Project("{FAE04EC0-301F-11D3-BF4B-00C04F79EFBC}") = "Uzduotis28", "Uzduotis28\Uzduotis28.csproj", "{C754BD9B-9435-4905-8F72-4E20D26F8C3F}"
EndProject
Project("{FAE04EC0-301F-11D3-BF4B-00C04F79EFBC}") = "Uzduotis29", "Uzduotis29\Uzduotis29.csproj", "{B1C6B386-4434-4474-88AB-21CFB28244D4}"
EndProject
Project("{FAE04EC0-301F-11D3-BF4B-00C04F79EFBC}") = "Uzduotis30", "Uzduotis30\Uzduotis30.csproj", "{48C2FBC4-FE65-4DD8-9F8B-EE696FCB10D2}"
EndProject
Project("{FAE04EC0-301F-11D3-BF4B-00C04F79EFBC}") = "Uzduotis31", "Uzduotis31\Uzduotis31.csproj", "{AD55FBCE-4EDE-4E37-9BC4-1454129D7D32}"
EndProject
Project("{FAE04EC0-301F-11D3-BF4B-00C04F79EFBC}") = "Uzduotis32", "Uzduotis32\Uzduotis32.csproj", "{6FC1F1D5-56DA-4698-9B3D-45422B778C19}"
EndProject
Project("{FAE04EC0-301F-11D3-BF4B-00C04F79EFBC}") = "Uzduotis33", "Uzduotis33\Uzduotis33.csproj", "{E2708981-995A-4369-BC06-FCD835157F86}"
EndProject
Project("{FAE04EC0-301F-11D3-BF4B-00C04F79EFBC}") = "Uzduotis34", "Uzduotis34\Uzduotis34.csproj", "{AA81A8F5-A4B6-4A4B-82CD-D780C6BD9CCB}"
EndProject
Global
	GlobalSection(SolutionConfigurationPlatforms) = preSolution
		Debug|Any CPU = Debug|Any CPU
		Release|Any CPU = Release|Any CPU
	EndGlobalSection
	GlobalSection(ProjectConfigurationPlatforms) = postSolution
		{054A3BAF-5330-47D7-B17E-B58F138D7A4F}.Debug|Any CPU.ActiveCfg = Debug|Any CPU
		{054A3BAF-5330-47D7-B17E-B58F138D7A4F}.Debug|Any CPU.Build.0 = Debug|Any CPU
		{054A3BAF-5330-47D7-B17E-B58F138D7A4F}.Release|Any CPU.ActiveCfg = Release|Any CPU
		{054A3BAF-5330-47D7-B17E-B58F138D7A4F}.Release|Any CPU.Build.0 = Release|Any CPU
		{BC94DE90-0D8B-4494-9DFE-CA74A3930F5A}.Debug|Any CPU.ActiveCfg = Debug|Any CPU
		{BC94DE90-0D8B-4494-9DFE-CA74A3930F5A}.Debug|Any CPU.Build.0 = Debug|Any CPU
		{BC94DE90-0D8B-4494-9DFE-CA74A3930F5A}.Release|Any CPU.ActiveCfg = Release|Any CPU
		{BC94DE90-0D8B-4494-9DFE-CA74A3930F5A}.Release|Any CPU.Build.0 = Release|Any CPU
		{30ECA833-410D-4E2B-86ED-4351FF98156E}.Debug|Any CPU.ActiveCfg = Debug|Any CPU
		{30ECA833-410D-4E2B-86ED-4351FF98156E}.Debug|Any CPU.Build.0 = Debug|Any CPU
		{30ECA833-410D-4E2B-86ED-4351FF98156E}.Release|Any CPU.ActiveCfg = Release|Any CPU
		{30ECA833-410D-4E2B-86ED-4351FF98156E}.Release|Any CPU.Build.0 = Release|Any CPU
		{9A516E96-A079-45C5-8228-AAB87F8E6C94}.Debug|Any CPU.ActiveCfg = Debug|Any CPU
		{9A516E96-A079-45C5-8228-AAB87F8E6C94}.Debug|Any CPU.Build.0 = Debug|Any CPU
		{9A516E96-A079-45C5-8228-AAB87F8E6C94}.Release|Any CPU.ActiveCfg = Release|Any CPU
		{9A516E96-A079-45C5-8228-AAB87F8E6C94}.Release|Any CPU.Build.0 = Release|Any CPU
		{F7CA2572-74CD-4A6E-A7E7-61E85610532D}.Debug|Any CPU.ActiveCfg = Debug|Any CPU
		{F7CA2572-74CD-4A6E-A7E7-61E85610532D}.Debug|Any CPU.Build.0 = Debug|Any CPU
		{F7CA2572-74CD-4A6E-A7E7-61E85610532D}.Release|Any CPU.ActiveCfg = Release|Any CPU
		{F7CA2572-74CD-4A6E-A7E7-61E85610532D}.Release|Any CPU.Build.0 = Release|Any CPU
		{157A735F-E21A-4420-B80A-15CE66FF756D}.Debug|Any CPU.ActiveCfg = Debug|Any CPU
		{157A735F-E21A-4420-B80A-15CE66FF756D}.Debug|Any CPU.Build.0 = Debug|Any CPU
		{157A735F-E21A-4420-B80A-15CE66FF756D}.Release|Any CPU.ActiveCfg = Release|Any CPU
		{157A735F-E21A-4420-B80A-15CE66FF756D}.Release|Any CPU.Build.0 = Release|Any CPU
		{7D9C0740-0355-4DD7-8375-F19F39E1DBEA}.Debug|Any CPU.ActiveCfg = Debug|Any CPU
		{7D9C0740-0355-4DD7-8375-F19F39E1DBEA}.Debug|Any CPU.Build.0 = Debug|Any CPU
		{7D9C0740-0355-4DD7-8375-F19F39E1DBEA}.Release|Any CPU.ActiveCfg = Release|Any CPU
		{7D9C0740-0355-4DD7-8375-F19F39E1DBEA}.Release|Any CPU.Build.0 = Release|Any CPU
		{A1A5DE62-37BE-4A81-B53B-A396BC9552AE}.Debug|Any CPU.ActiveCfg = Debug|Any CPU
		{A1A5DE62-37BE-4A81-B53B-A396BC9552AE}.Debug|Any CPU.Build.0 = Debug|Any CPU
		{A1A5DE62-37BE-4A81-B53B-A396BC9552AE}.Release|Any CPU.ActiveCfg = Release|Any CPU
		{A1A5DE62-37BE-4A81-B53B-A396BC9552AE}.Release|Any CPU.Build.0 = Release|Any CPU
		{DCAF0E4B-6D51-4B18-BF0F-02B614256F5D}.Debug|Any CPU.ActiveCfg = Debug|Any CPU
		{DCAF0E4B-6D51-4B18-BF0F-02B614256F5D}.Debug|Any CPU.Build.0 = Debug|Any CPU
		{DCAF0E4B-6D51-4B18-BF0F-02B614256F5D}.Release|Any CPU.ActiveCfg = Release|Any CPU
		{DCAF0E4B-6D51-4B18-BF0F-02B614256F5D}.Release|Any CPU.Build.0 = Release|Any CPU
		{E4BED206-9548-44C5-9980-B1D67BA687FC}.Debug|Any CPU.ActiveCfg = Debug|Any CPU
		{E4BED206-9548-44C5-9980-B1D67BA687FC}.Debug|Any CPU.Build.0 = Debug|Any CPU
		{E4BED206-9548-44C5-9980-B1D67BA687FC}.Release|Any CPU.ActiveCfg = Release|Any CPU
		{E4BED206-9548-44C5-9980-B1D67BA687FC}.Release|Any CPU.Build.0 = Release|Any CPU
		{29241D47-710F-431A-8138-DC13DB472630}.Debug|Any CPU.ActiveCfg = Debug|Any CPU
		{29241D47-710F-431A-8138-DC13DB472630}.Debug|Any CPU.Build.0 = Debug|Any CPU
		{29241D47-710F-431A-8138-DC13DB472630}.Release|Any CPU.ActiveCfg = Release|Any CPU
		{29241D47-710F-431A-8138-DC13DB472630}.Release|Any CPU.Build.0 = Release|Any CPU
		{8568181F-9AAE-4AE7-B1A7-7A38B94B4EB4}.Debug|Any CPU.ActiveCfg = Debug|Any CPU
		{8568181F-9AAE-4AE7-B1A7-7A38B94B4EB4}.Debug|Any CPU.Build.0 = Debug|Any CPU
		{8568181F-9AAE-4AE7-B1A7-7A38B94B4EB4}.Release|Any CPU.ActiveCfg = Release|Any CPU
		{8568181F-9AAE-4AE7-B1A7-7A38B94B4EB4}.Release|Any CPU.Build.0 = Release|Any CPU
		{AEE48A41-046B-419B-9F13-B209F764C810}.Debug|Any CPU.ActiveCfg = Debug|Any CPU
		{AEE48A41-046B-419B-9F13-B209F764C810}.Debug|Any CPU.Build.0 = Debug|Any CPU
		{AEE48A41-046B-419B-9F13-B209F764C810}.Release|Any CPU.ActiveCfg = Release|Any CPU
		{AEE48A41-046B-419B-9F13-B209F764C810}.Release|Any CPU.Build.0 = Release|Any CPU
		{3EF1B9E3-6D9F-498C-BB9F-3DDEF290207E}.Debug|Any CPU.ActiveCfg = Debug|Any CPU
		{3EF1B9E3-6D9F-498C-BB9F-3DDEF290207E}.Debug|Any CPU.Build.0 = Debug|Any CPU
		{3EF1B9E3-6D9F-498C-BB9F-3DDEF290207E}.Release|Any CPU.ActiveCfg = Release|Any CPU
		{3EF1B9E3-6D9F-498C-BB9F-3DDEF290207E}.Release|Any CPU.Build.0 = Release|Any CPU
		{4E1AAAEF-EF2F-4023-965C-3BE2058CF48C}.Debug|Any CPU.ActiveCfg = Debug|Any CPU
		{4E1AAAEF-EF2F-4023-965C-3BE2058CF48C}.Debug|Any CPU.Build.0 = Debug|Any CPU
		{4E1AAAEF-EF2F-4023-965C-3BE2058CF48C}.Release|Any CPU.ActiveCfg = Release|Any CPU
		{4E1AAAEF-EF2F-4023-965C-3BE2058CF48C}.Release|Any CPU.Build.0 = Release|Any CPU
		{31C57738-7DE9-4C2E-A164-E38F65FBA5A6}.Debug|Any CPU.ActiveCfg = Debug|Any CPU
		{31C57738-7DE9-4C2E-A164-E38F65FBA5A6}.Debug|Any CPU.Build.0 = Debug|Any CPU
		{31C57738-7DE9-4C2E-A164-E38F65FBA5A6}.Release|Any CPU.ActiveCfg = Release|Any CPU
		{31C57738-7DE9-4C2E-A164-E38F65FBA5A6}.Release|Any CPU.Build.0 = Release|Any CPU
		{18D31F1C-9327-4E7A-ACEF-28A0E57BE088}.Debug|Any CPU.ActiveCfg = Debug|Any CPU
		{18D31F1C-9327-4E7A-ACEF-28A0E57BE088}.Debug|Any CPU.Build.0 = Debug|Any CPU
		{18D31F1C-9327-4E7A-ACEF-28A0E57BE088}.Release|Any CPU.ActiveCfg = Release|Any CPU
		{18D31F1C-9327-4E7A-ACEF-28A0E57BE088}.Release|Any CPU.Build.0 = Release|Any CPU
		{FA895DF1-7F5D-40AA-8D77-A4A74D84C69A}.Debug|Any CPU.ActiveCfg = Debug|Any CPU
		{FA895DF1-7F5D-40AA-8D77-A4A74D84C69A}.Debug|Any CPU.Build.0 = Debug|Any CPU
		{FA895DF1-7F5D-40AA-8D77-A4A74D84C69A}.Release|Any CPU.ActiveCfg = Release|Any CPU
		{FA895DF1-7F5D-40AA-8D77-A4A74D84C69A}.Release|Any CPU.Build.0 = Release|Any CPU
		{D7BAD5C8-4FCB-460A-906E-049D64F1D88D}.Debug|Any CPU.ActiveCfg = Debug|Any CPU
		{D7BAD5C8-4FCB-460A-906E-049D64F1D88D}.Debug|Any CPU.Build.0 = Debug|Any CPU
		{D7BAD5C8-4FCB-460A-906E-049D64F1D88D}.Release|Any CPU.ActiveCfg = Release|Any CPU
		{D7BAD5C8-4FCB-460A-906E-049D64F1D88D}.Release|Any CPU.Build.0 = Release|Any CPU
		{22F6CF36-F506-4837-BE34-10F90B5B5830}.Debug|Any CPU.ActiveCfg = Debug|Any CPU
		{22F6CF36-F506-4837-BE34-10F90B5B5830}.Debug|Any CPU.Build.0 = Debug|Any CPU
		{22F6CF36-F506-4837-BE34-10F90B5B5830}.Release|Any CPU.ActiveCfg = Release|Any CPU
		{22F6CF36-F506-4837-BE34-10F90B5B5830}.Release|Any CPU.Build.0 = Release|Any CPU
		{2E589714-C15D-4AC0-B844-858E9AB06FBD}.Debug|Any CPU.ActiveCfg = Debug|Any CPU
		{2E589714-C15D-4AC0-B844-858E9AB06FBD}.Debug|Any CPU.Build.0 = Debug|Any CPU
		{2E589714-C15D-4AC0-B844-858E9AB06FBD}.Release|Any CPU.ActiveCfg = Release|Any CPU
		{2E589714-C15D-4AC0-B844-858E9AB06FBD}.Release|Any CPU.Build.0 = Release|Any CPU
		{9C40176C-D6A2-4783-9115-564783CDCD67}.Debug|Any CPU.ActiveCfg = Debug|Any CPU
		{9C40176C-D6A2-4783-9115-564783CDCD67}.Debug|Any CPU.Build.0 = Debug|Any CPU
		{9C40176C-D6A2-4783-9115-564783CDCD67}.Release|Any CPU.ActiveCfg = Release|Any CPU
		{9C40176C-D6A2-4783-9115-564783CDCD67}.Release|Any CPU.Build.0 = Release|Any CPU
		{584C5B02-68D0-4131-AF5A-F7F61E5A7512}.Debug|Any CPU.ActiveCfg = Debug|Any CPU
		{584C5B02-68D0-4131-AF5A-F7F61E5A7512}.Debug|Any CPU.Build.0 = Debug|Any CPU
		{584C5B02-68D0-4131-AF5A-F7F61E5A7512}.Release|Any CPU.ActiveCfg = Release|Any CPU
		{584C5B02-68D0-4131-AF5A-F7F61E5A7512}.Release|Any CPU.Build.0 = Release|Any CPU
		{200C8FA1-B490-4EF3-9353-06595741C234}.Debug|Any CPU.ActiveCfg = Debug|Any CPU
		{200C8FA1-B490-4EF3-9353-06595741C234}.Debug|Any CPU.Build.0 = Debug|Any CPU
		{200C8FA1-B490-4EF3-9353-06595741C234}.Release|Any CPU.ActiveCfg = Release|Any CPU
		{200C8FA1-B490-4EF3-9353-06595741C234}.Release|Any CPU.Build.0 = Release|Any CPU
		{56D4BCBC-C7AF-4C5C-9806-3BF79DF4B405}.Debug|Any CPU.ActiveCfg = Debug|Any CPU
		{56D4BCBC-C7AF-4C5C-9806-3BF79DF4B405}.Debug|Any CPU.Build.0 = Debug|Any CPU
		{56D4BCBC-C7AF-4C5C-9806-3BF79DF4B405}.Release|Any CPU.ActiveCfg = Release|Any CPU
		{56D4BCBC-C7AF-4C5C-9806-3BF79DF4B405}.Release|Any CPU.Build.0 = Release|Any CPU
		{EEB5EFC2-60A8-4D97-9CB3-8777B2884ED6}.Debug|Any CPU.ActiveCfg = Debug|Any CPU
		{EEB5EFC2-60A8-4D97-9CB3-8777B2884ED6}.Debug|Any CPU.Build.0 = Debug|Any CPU
		{EEB5EFC2-60A8-4D97-9CB3-8777B2884ED6}.Release|Any CPU.ActiveCfg = Release|Any CPU
		{EEB5EFC2-60A8-4D97-9CB3-8777B2884ED6}.Release|Any CPU.Build.0 = Release|Any CPU
		{C754BD9B-9435-4905-8F72-4E20D26F8C3F}.Debug|Any CPU.ActiveCfg = Debug|Any CPU
		{C754BD9B-9435-4905-8F72-4E20D26F8C3F}.Debug|Any CPU.Build.0 = Debug|Any CPU
		{C754BD9B-9435-4905-8F72-4E20D26F8C3F}.Release|Any CPU.ActiveCfg = Release|Any CPU
		{C754BD9B-9435-4905-8F72-4E20D26F8C3F}.Release|Any CPU.Build.0 = Release|Any CPU
		{B1C6B386-4434-4474-88AB-21CFB28244D4}.Debug|Any CPU.ActiveCfg = Debug|Any CPU
		{B1C6B386-4434-4474-88AB-21CFB28244D4}.Debug|Any CPU.Build.0 = Debug|Any CPU
		{B1C6B386-4434-4474-88AB-21CFB28244D4}.Release|Any CPU.ActiveCfg = Release|Any CPU
		{B1C6B386-4434-4474-88AB-21CFB28244D4}.Release|Any CPU.Build.0 = Release|Any CPU
		{48C2FBC4-FE65-4DD8-9F8B-EE696FCB10D2}.Debug|Any CPU.ActiveCfg = Debug|Any CPU
		{48C2FBC4-FE65-4DD8-9F8B-EE696FCB10D2}.Debug|Any CPU.Build.0 = Debug|Any CPU
		{48C2FBC4-FE65-4DD8-9F8B-EE696FCB10D2}.Release|Any CPU.ActiveCfg = Release|Any CPU
		{48C2FBC4-FE65-4DD8-9F8B-EE696FCB10D2}.Release|Any CPU.Build.0 = Release|Any CPU
		{E7EED772-C23D-42C6-B61E-E241E04FF18B}.Debug|Any CPU.ActiveCfg = Debug|Any CPU
		{E7EED772-C23D-42C6-B61E-E241E04FF18B}.Debug|Any CPU.Build.0 = Debug|Any CPU
		{E7EED772-C23D-42C6-B61E-E241E04FF18B}.Release|Any CPU.ActiveCfg = Release|Any CPU
		{E7EED772-C23D-42C6-B61E-E241E04FF18B}.Release|Any CPU.Build.0 = Release|Any CPU
		{AA7489B9-DE11-4155-B3F4-7F1FFF6A51DF}.Debug|Any CPU.ActiveCfg = Debug|Any CPU
		{AA7489B9-DE11-4155-B3F4-7F1FFF6A51DF}.Debug|Any CPU.Build.0 = Debug|Any CPU
		{AA7489B9-DE11-4155-B3F4-7F1FFF6A51DF}.Release|Any CPU.ActiveCfg = Release|Any CPU
		{AA7489B9-DE11-4155-B3F4-7F1FFF6A51DF}.Release|Any CPU.Build.0 = Release|Any CPU
		{AD55FBCE-4EDE-4E37-9BC4-1454129D7D32}.Debug|Any CPU.ActiveCfg = Debug|Any CPU
		{AD55FBCE-4EDE-4E37-9BC4-1454129D7D32}.Debug|Any CPU.Build.0 = Debug|Any CPU
		{AD55FBCE-4EDE-4E37-9BC4-1454129D7D32}.Release|Any CPU.ActiveCfg = Release|Any CPU
		{AD55FBCE-4EDE-4E37-9BC4-1454129D7D32}.Release|Any CPU.Build.0 = Release|Any CPU
		{6FC1F1D5-56DA-4698-9B3D-45422B778C19}.Debug|Any CPU.ActiveCfg = Debug|Any CPU
		{6FC1F1D5-56DA-4698-9B3D-45422B778C19}.Debug|Any CPU.Build.0 = Debug|Any CPU
		{6FC1F1D5-56DA-4698-9B3D-45422B778C19}.Release|Any CPU.ActiveCfg = Release|Any CPU
		{6FC1F1D5-56DA-4698-9B3D-45422B778C19}.Release|Any CPU.Build.0 = Release|Any CPU
		{E2708981-995A-4369-BC06-FCD835157F86}.Debug|Any CPU.ActiveCfg = Debug|Any CPU
		{E2708981-995A-4369-BC06-FCD835157F86}.Debug|Any CPU.Build.0 = Debug|Any CPU
		{E2708981-995A-4369-BC06-FCD835157F86}.Release|Any CPU.ActiveCfg = Release|Any CPU
		{E2708981-995A-4369-BC06-FCD835157F86}.Release|Any CPU.Build.0 = Release|Any CPU
		{AA81A8F5-A4B6-4A4B-82CD-D780C6BD9CCB}.Debug|Any CPU.ActiveCfg = Debug|Any CPU
		{AA81A8F5-A4B6-4A4B-82CD-D780C6BD9CCB}.Debug|Any CPU.Build.0 = Debug|Any CPU
		{AA81A8F5-A4B6-4A4B-82CD-D780C6BD9CCB}.Release|Any CPU.ActiveCfg = Release|Any CPU
		{AA81A8F5-A4B6-4A4B-82CD-D780C6BD9CCB}.Release|Any CPU.Build.0 = Release|Any CPU
	EndGlobalSection
	GlobalSection(SolutionProperties) = preSolution
		HideSolutionNode = FALSE
	EndGlobalSection
	GlobalSection(NestedProjects) = preSolution
		{054A3BAF-5330-47D7-B17E-B58F138D7A4F} = {C402A2F5-0FBF-47DF-B83D-A7B09E8F439A}
		{BC94DE90-0D8B-4494-9DFE-CA74A3930F5A} = {C402A2F5-0FBF-47DF-B83D-A7B09E8F439A}
		{30ECA833-410D-4E2B-86ED-4351FF98156E} = {C402A2F5-0FBF-47DF-B83D-A7B09E8F439A}
		{9A516E96-A079-45C5-8228-AAB87F8E6C94} = {C402A2F5-0FBF-47DF-B83D-A7B09E8F439A}
		{F7CA2572-74CD-4A6E-A7E7-61E85610532D} = {C402A2F5-0FBF-47DF-B83D-A7B09E8F439A}
		{157A735F-E21A-4420-B80A-15CE66FF756D} = {C402A2F5-0FBF-47DF-B83D-A7B09E8F439A}
		{7D9C0740-0355-4DD7-8375-F19F39E1DBEA} = {C402A2F5-0FBF-47DF-B83D-A7B09E8F439A}
		{A1A5DE62-37BE-4A81-B53B-A396BC9552AE} = {C402A2F5-0FBF-47DF-B83D-A7B09E8F439A}
		{DCAF0E4B-6D51-4B18-BF0F-02B614256F5D} = {C402A2F5-0FBF-47DF-B83D-A7B09E8F439A}
		{E4BED206-9548-44C5-9980-B1D67BA687FC} = {C402A2F5-0FBF-47DF-B83D-A7B09E8F439A}
		{29241D47-710F-431A-8138-DC13DB472630} = {C402A2F5-0FBF-47DF-B83D-A7B09E8F439A}
		{8568181F-9AAE-4AE7-B1A7-7A38B94B4EB4} = {C402A2F5-0FBF-47DF-B83D-A7B09E8F439A}
		{AEE48A41-046B-419B-9F13-B209F764C810} = {C402A2F5-0FBF-47DF-B83D-A7B09E8F439A}
		{3EF1B9E3-6D9F-498C-BB9F-3DDEF290207E} = {C402A2F5-0FBF-47DF-B83D-A7B09E8F439A}
		{4E1AAAEF-EF2F-4023-965C-3BE2058CF48C} = {C402A2F5-0FBF-47DF-B83D-A7B09E8F439A}
		{31C57738-7DE9-4C2E-A164-E38F65FBA5A6} = {C402A2F5-0FBF-47DF-B83D-A7B09E8F439A}
		{18D31F1C-9327-4E7A-ACEF-28A0E57BE088} = {C402A2F5-0FBF-47DF-B83D-A7B09E8F439A}
		{FA895DF1-7F5D-40AA-8D77-A4A74D84C69A} = {C402A2F5-0FBF-47DF-B83D-A7B09E8F439A}
		{D7BAD5C8-4FCB-460A-906E-049D64F1D88D} = {C402A2F5-0FBF-47DF-B83D-A7B09E8F439A}
		{22F6CF36-F506-4837-BE34-10F90B5B5830} = {C402A2F5-0FBF-47DF-B83D-A7B09E8F439A}
		{2E589714-C15D-4AC0-B844-858E9AB06FBD} = {C402A2F5-0FBF-47DF-B83D-A7B09E8F439A}
		{9C40176C-D6A2-4783-9115-564783CDCD67} = {C402A2F5-0FBF-47DF-B83D-A7B09E8F439A}
		{584C5B02-68D0-4131-AF5A-F7F61E5A7512} = {C402A2F5-0FBF-47DF-B83D-A7B09E8F439A}
		{200C8FA1-B490-4EF3-9353-06595741C234} = {C402A2F5-0FBF-47DF-B83D-A7B09E8F439A}
		{56D4BCBC-C7AF-4C5C-9806-3BF79DF4B405} = {C402A2F5-0FBF-47DF-B83D-A7B09E8F439A}
		{EEB5EFC2-60A8-4D97-9CB3-8777B2884ED6} = {C402A2F5-0FBF-47DF-B83D-A7B09E8F439A}
		{C754BD9B-9435-4905-8F72-4E20D26F8C3F} = {C402A2F5-0FBF-47DF-B83D-A7B09E8F439A}
		{B1C6B386-4434-4474-88AB-21CFB28244D4} = {C402A2F5-0FBF-47DF-B83D-A7B09E8F439A}
		{48C2FBC4-FE65-4DD8-9F8B-EE696FCB10D2} = {C402A2F5-0FBF-47DF-B83D-A7B09E8F439A}
		{E7EED772-C23D-42C6-B61E-E241E04FF18B} = {C402A2F5-0FBF-47DF-B83D-A7B09E8F439A}
		{AA7489B9-DE11-4155-B3F4-7F1FFF6A51DF} = {C402A2F5-0FBF-47DF-B83D-A7B09E8F439A}
		{AD55FBCE-4EDE-4E37-9BC4-1454129D7D32} = {C402A2F5-0FBF-47DF-B83D-A7B09E8F439A}
		{6FC1F1D5-56DA-4698-9B3D-45422B778C19} = {C402A2F5-0FBF-47DF-B83D-A7B09E8F439A}
		{E2708981-995A-4369-BC06-FCD835157F86} = {C402A2F5-0FBF-47DF-B83D-A7B09E8F439A}
		{AA81A8F5-A4B6-4A4B-82CD-D780C6BD9CCB} = {C402A2F5-0FBF-47DF-B83D-A7B09E8F439A}
	EndGlobalSection
	GlobalSection(ExtensibilityGlobals) = postSolution
		SolutionGuid = {A22C95B1-D5BF-45C2-A3BA-B5866FDA9F45}
	EndGlobalSection
EndGlobal
