
Microsoft Visual Studio Solution File, Format Version 12.00
# Visual Studio Version 17
VisualStudioVersion = 17.5.33424.131
MinimumVisualStudioVersion = 10.0.40219.1
Project("{2150E333-8FDC-42A3-9474-1A3956D46DE8}") = "Programavimas", "Programavimas", "{C402A2F5-0FBF-47DF-B83D-A7B09E8F439A}"
EndProject
Project("{FAE04EC0-301F-11D3-BF4B-00C04F79EFBC}") = "Uzduotis03", "Uzduotis03\Uzduotis03.csproj", "{054A3BAF-5330-47D7-B17E-B58F138D7A4F}"
EndProject
Project("{FAE04EC0-301F-11D3-BF4B-00C04F79EFBC}") = "Uzduotis04", "Uzduotis04\Uzduotis04.csproj", "{BC94DE90-0D8B-4494-9DFE-CA74A3930F5A}"
EndProject
Project("{FAE04EC0-301F-11D3-BF4B-00C04F79EFBC}") = "Uzduotis05", "Uzduotis05\Uzduotis05.csproj", "{30ECA833-410D-4E2B-86ED-4351FF98156E}"
EndProject
Project("{FAE04EC0-301F-11D3-BF4B-00C04F79EFBC}") = "Uzduotis06", "Uzduotis06\Uzduotis06.csproj", "{9A516E96-A079-45C5-8228-AAB87F8E6C94}"
EndProject
Project("{FAE04EC0-301F-11D3-BF4B-00C04F79EFBC}") = "Uzduotis07", "Uzduotis07\Uzduotis07.csproj", "{F7CA2572-74CD-4A6E-A7E7-61E85610532D}"
EndProject
Project("{FAE04EC0-301F-11D3-BF4B-00C04F79EFBC}") = "Uzduotis08", "Uzduotis08\Uzduotis08.csproj", "{157A735F-E21A-4420-B80A-15CE66FF756D}"
EndProject
Project("{FAE04EC0-301F-11D3-BF4B-00C04F79EFBC}") = "Uzduotis09", "Uzduotis09\Uzduotis09.csproj", "{7D9C0740-0355-4DD7-8375-F19F39E1DBEA}"
EndProject
Project("{FAE04EC0-301F-11D3-BF4B-00C04F79EFBC}") = "Uzduotis10", "Uzduotis10\Uzduotis10.csproj", "{A1A5DE62-37BE-4A81-B53B-A396BC9552AE}"
EndProject
Project("{FAE04EC0-301F-11D3-BF4B-00C04F79EFBC}") = "Uzduotis11", "Uzduotis11\Uzduotis11.csproj", "{DCAF0E4B-6D51-4B18-BF0F-02B614256F5D}"
EndProject
Project("{FAE04EC0-301F-11D3-BF4B-00C04F79EFBC}") = "Uzduotis01", "Uzduotis01\Uzduotis01.csproj", "{E4BED206-9548-44C5-9980-B1D67BA687FC}"
EndProject
Project("{FAE04EC0-301F-11D3-BF4B-00C04F79EFBC}") = "Uzduotis02", "Uzduotis02\Uzduotis02.csproj", "{29241D47-710F-431A-8138-DC13DB472630}"
EndProject
Global
	GlobalSection(SolutionConfigurationPlatforms) = preSolution
		Debug|Any CPU = Debug|Any CPU
		Release|Any CPU = Release|Any CPU
	EndGlobalSection
	GlobalSection(ProjectConfigurationPlatforms) = postSolution
		{054A3BAF-5330-47D7-B17E-B58F138D7A4F}.Debug|Any CPU.ActiveCfg = Debug|Any CPU
		{054A3BAF-5330-47D7-B17E-B58F138D7A4F}.Debug|Any CPU.Build.0 = Debug|Any CPU
		{054A3BAF-5330-47D7-B17E-B58F138D7A4F}.Release|Any CPU.ActiveCfg = Release|Any CPU
		{054A3BAF-5330-47D7-B17E-B58F138D7A4F}.Release|Any CPU.Build.0 = Release|Any CPU
		{BC94DE90-0D8B-4494-9DFE-CA74A3930F5A}.Debug|Any CPU.ActiveCfg = Debug|Any CPU
		{BC94DE90-0D8B-4494-9DFE-CA74A3930F5A}.Debug|Any CPU.Build.0 = Debug|Any CPU
		{BC94DE90-0D8B-4494-9DFE-CA74A3930F5A}.Release|Any CPU.ActiveCfg = Release|Any CPU
		{BC94DE90-0D8B-4494-9DFE-CA74A3930F5A}.Release|Any CPU.Build.0 = Release|Any CPU
		{30ECA833-410D-4E2B-86ED-4351FF98156E}.Debug|Any CPU.ActiveCfg = Debug|Any CPU
		{30ECA833-410D-4E2B-86ED-4351FF98156E}.Debug|Any CPU.Build.0 = Debug|Any CPU
		{30ECA833-410D-4E2B-86ED-4351FF98156E}.Release|Any CPU.ActiveCfg = Release|Any CPU
		{30ECA833-410D-4E2B-86ED-4351FF98156E}.Release|Any CPU.Build.0 = Release|Any CPU
		{9A516E96-A079-45C5-8228-AAB87F8E6C94}.Debug|Any CPU.ActiveCfg = Debug|Any CPU
		{9A516E96-A079-45C5-8228-AAB87F8E6C94}.Debug|Any CPU.Build.0 = Debug|Any CPU
		{9A516E96-A079-45C5-8228-AAB87F8E6C94}.Release|Any CPU.ActiveCfg = Release|Any CPU
		{9A516E96-A079-45C5-8228-AAB87F8E6C94}.Release|Any CPU.Build.0 = Release|Any CPU
		{F7CA2572-74CD-4A6E-A7E7-61E85610532D}.Debug|Any CPU.ActiveCfg = Debug|Any CPU
		{F7CA2572-74CD-4A6E-A7E7-61E85610532D}.Debug|Any CPU.Build.0 = Debug|Any CPU
		{F7CA2572-74CD-4A6E-A7E7-61E85610532D}.Release|Any CPU.ActiveCfg = Release|Any CPU
		{F7CA2572-74CD-4A6E-A7E7-61E85610532D}.Release|Any CPU.Build.0 = Release|Any CPU
		{157A735F-E21A-4420-B80A-15CE66FF756D}.Debug|Any CPU.ActiveCfg = Debug|Any CPU
		{157A735F-E21A-4420-B80A-15CE66FF756D}.Debug|Any CPU.Build.0 = Debug|Any CPU
		{157A735F-E21A-4420-B80A-15CE66FF756D}.Release|Any CPU.ActiveCfg = Release|Any CPU
		{157A735F-E21A-4420-B80A-15CE66FF756D}.Release|Any CPU.Build.0 = Release|Any CPU
		{7D9C0740-0355-4DD7-8375-F19F39E1DBEA}.Debug|Any CPU.ActiveCfg = Debug|Any CPU
		{7D9C0740-0355-4DD7-8375-F19F39E1DBEA}.Debug|Any CPU.Build.0 = Debug|Any CPU
		{7D9C0740-0355-4DD7-8375-F19F39E1DBEA}.Release|Any CPU.ActiveCfg = Release|Any CPU
		{7D9C0740-0355-4DD7-8375-F19F39E1DBEA}.Release|Any CPU.Build.0 = Release|Any CPU
		{A1A5DE62-37BE-4A81-B53B-A396BC9552AE}.Debug|Any CPU.ActiveCfg = Debug|Any CPU
		{A1A5DE62-37BE-4A81-B53B-A396BC9552AE}.Debug|Any CPU.Build.0 = Debug|Any CPU
		{A1A5DE62-37BE-4A81-B53B-A396BC9552AE}.Release|Any CPU.ActiveCfg = Release|Any CPU
		{A1A5DE62-37BE-4A81-B53B-A396BC9552AE}.Release|Any CPU.Build.0 = Release|Any CPU
		{DCAF0E4B-6D51-4B18-BF0F-02B614256F5D}.Debug|Any CPU.ActiveCfg = Debug|Any CPU
		{DCAF0E4B-6D51-4B18-BF0F-02B614256F5D}.Debug|Any CPU.Build.0 = Debug|Any CPU
		{DCAF0E4B-6D51-4B18-BF0F-02B614256F5D}.Release|Any CPU.ActiveCfg = Release|Any CPU
		{DCAF0E4B-6D51-4B18-BF0F-02B614256F5D}.Release|Any CPU.Build.0 = Release|Any CPU
		{E4BED206-9548-44C5-9980-B1D67BA687FC}.Debug|Any CPU.ActiveCfg = Debug|Any CPU
		{E4BED206-9548-44C5-9980-B1D67BA687FC}.Debug|Any CPU.Build.0 = Debug|Any CPU
		{E4BED206-9548-44C5-9980-B1D67BA687FC}.Release|Any CPU.ActiveCfg = Release|Any CPU
		{E4BED206-9548-44C5-9980-B1D67BA687FC}.Release|Any CPU.Build.0 = Release|Any CPU
		{29241D47-710F-431A-8138-DC13DB472630}.Debug|Any CPU.ActiveCfg = Debug|Any CPU
		{29241D47-710F-431A-8138-DC13DB472630}.Debug|Any CPU.Build.0 = Debug|Any CPU
		{29241D47-710F-431A-8138-DC13DB472630}.Release|Any CPU.ActiveCfg = Release|Any CPU
		{29241D47-710F-431A-8138-DC13DB472630}.Release|Any CPU.Build.0 = Release|Any CPU
	EndGlobalSection
	GlobalSection(SolutionProperties) = preSolution
		HideSolutionNode = FALSE
	EndGlobalSection
	GlobalSection(NestedProjects) = preSolution
		{054A3BAF-5330-47D7-B17E-B58F138D7A4F} = {C402A2F5-0FBF-47DF-B83D-A7B09E8F439A}
		{BC94DE90-0D8B-4494-9DFE-CA74A3930F5A} = {C402A2F5-0FBF-47DF-B83D-A7B09E8F439A}
		{30ECA833-410D-4E2B-86ED-4351FF98156E} = {C402A2F5-0FBF-47DF-B83D-A7B09E8F439A}
		{9A516E96-A079-45C5-8228-AAB87F8E6C94} = {C402A2F5-0FBF-47DF-B83D-A7B09E8F439A}
		{F7CA2572-74CD-4A6E-A7E7-61E85610532D} = {C402A2F5-0FBF-47DF-B83D-A7B09E8F439A}
		{157A735F-E21A-4420-B80A-15CE66FF756D} = {C402A2F5-0FBF-47DF-B83D-A7B09E8F439A}
		{7D9C0740-0355-4DD7-8375-F19F39E1DBEA} = {C402A2F5-0FBF-47DF-B83D-A7B09E8F439A}
		{A1A5DE62-37BE-4A81-B53B-A396BC9552AE} = {C402A2F5-0FBF-47DF-B83D-A7B09E8F439A}
		{DCAF0E4B-6D51-4B18-BF0F-02B614256F5D} = {C402A2F5-0FBF-47DF-B83D-A7B09E8F439A}
		{E4BED206-9548-44C5-9980-B1D67BA687FC} = {C402A2F5-0FBF-47DF-B83D-A7B09E8F439A}
		{29241D47-710F-431A-8138-DC13DB472630} = {C402A2F5-0FBF-47DF-B83D-A7B09E8F439A}
	EndGlobalSection
	GlobalSection(ExtensibilityGlobals) = postSolution
		SolutionGuid = {A22C95B1-D5BF-45C2-A3BA-B5866FDA9F45}
	EndGlobalSection
EndGlobal
